Microsoft Visual Studio Solution File, Format Version 12.00
# Visual Studio Version 17
VisualStudioVersion = 17.11.35312.102
MinimumVisualStudioVersion = 16.0.0.0
Project("{9A19103F-16F7-4668-BE54-9A1E7A4F7556}") = "BlazorCRM", "BlazorCRM\BlazorCRM.csproj", "{A41CEA01-F1BC-4FAF-AA7A-46A06EC9C6C8}"
EndProject
Project("{9A19103F-16F7-4668-BE54-9A1E7A4F7556}") = "BlazorCRM.Client", "BlazorCRM.Client\BlazorCRM.Client.csproj", "{4237EA95-405F-4AA1-88FC-AC16B5AC500A}"
EndProject
Global
	GlobalSection(SolutionConfigurationPlatforms) = preSolution
		Debug|Any CPU = Debug|Any CPU
		Debug|x64 = Debug|x64
		Debug|x86 = Debug|x86
		Release|Any CPU = Release|Any CPU
		Release|x64 = Release|x64
		Release|x86 = Release|x86
	EndGlobalSection
	GlobalSection(ProjectConfigurationPlatforms) = postSolution
		{A41CEA01-F1BC-4FAF-AA7A-46A06EC9C6C8}.Debug|Any CPU.ActiveCfg = Debug|Any CPU
		{A41CEA01-F1BC-4FAF-AA7A-46A06EC9C6C8}.Debug|Any CPU.Build.0 = Debug|Any CPU
		{A41CEA01-F1BC-4FAF-AA7A-46A06EC9C6C8}.Debug|x64.ActiveCfg = Debug|Any CPU
		{A41CEA01-F1BC-4FAF-AA7A-46A06EC9C6C8}.Debug|x64.Build.0 = Debug|Any CPU
		{A41CEA01-F1BC-4FAF-AA7A-46A06EC9C6C8}.Debug|x86.ActiveCfg = Debug|Any CPU
		{A41CEA01-F1BC-4FAF-AA7A-46A06EC9C6C8}.Debug|x86.Build.0 = Debug|Any CPU
		{A41CEA01-F1BC-4FAF-AA7A-46A06EC9C6C8}.Release|Any CPU.ActiveCfg = Release|Any CPU
		{A41CEA01-F1BC-4FAF-AA7A-46A06EC9C6C8}.Release|Any CPU.Build.0 = Release|Any CPU
		{A41CEA01-F1BC-4FAF-AA7A-46A06EC9C6C8}.Release|x64.ActiveCfg = Release|Any CPU
		{A41CEA01-F1BC-4FAF-AA7A-46A06EC9C6C8}.Release|x64.Build.0 = Release|Any CPU
		{A41CEA01-F1BC-4FAF-AA7A-46A06EC9C6C8}.Release|x86.ActiveCfg = Release|Any CPU
		{A41CEA01-F1BC-4FAF-AA7A-46A06EC9C6C8}.Release|x86.Build.0 = Release|Any CPU
		{4237EA95-405F-4AA1-88FC-AC16B5AC500A}.Debug|Any CPU.ActiveCfg = Debug|Any CPU
		{4237EA95-405F-4AA1-88FC-AC16B5AC500A}.Debug|Any CPU.Build.0 = Debug|Any CPU
		{4237EA95-405F-4AA1-88FC-AC16B5AC500A}.Debug|x64.ActiveCfg = Debug|Any CPU
		{4237EA95-405F-4AA1-88FC-AC16B5AC500A}.Debug|x64.Build.0 = Debug|Any CPU
		{4237EA95-405F-4AA1-88FC-AC16B5AC500A}.Debug|x86.ActiveCfg = Debug|Any CPU
		{4237EA95-405F-4AA1-88FC-AC16B5AC500A}.Debug|x86.Build.0 = Debug|Any CPU
		{4237EA95-405F-4AA1-88FC-AC16B5AC500A}.Release|Any CPU.ActiveCfg = Release|Any CPU
		{4237EA95-405F-4AA1-88FC-AC16B5AC500A}.Release|Any CPU.Build.0 = Release|Any CPU
		{4237EA95-405F-4AA1-88FC-AC16B5AC500A}.Release|x64.ActiveCfg = Release|Any CPU
		{4237EA95-405F-4AA1-88FC-AC16B5AC500A}.Release|x64.Build.0 = Release|Any CPU
		{4237EA95-405F-4AA1-88FC-AC16B5AC500A}.Release|x86.ActiveCfg = Release|Any CPU
		{4237EA95-405F-4AA1-88FC-AC16B5AC500A}.Release|x86.Build.0 = Release|Any CPU
	EndGlobalSection
	GlobalSection(SolutionProperties) = preSolution
		HideSolutionNode = FALSE
	EndGlobalSection
	GlobalSection(ExtensibilityGlobals) = postSolution
		SolutionGuid = {E4D21632-A762-41EA-B92F-48B6D841531F}
	EndGlobalSection
EndGlobal
